
Microsoft Visual Studio Solution File, Format Version 12.00
# Visual Studio Version 16
VisualStudioVersion = 16.0.32413.119
MinimumVisualStudioVersion = 10.0.40219.1
Project("{FAE04EC0-301F-11D3-BF4B-00C04F79EFBC}") = "TestProjectGit", "TestProjectGit.csproj", "{FC9F009A-244E-44E3-BE91-A9D09A682C70}"
EndProject
Global
	GlobalSection(SolutionConfigurationPlatforms) = preSolution
		Debug|Any CPU = Debug|Any CPU
		Release|Any CPU = Release|Any CPU
	EndGlobalSection
	GlobalSection(ProjectConfigurationPlatforms) = postSolution
		{FC9F009A-244E-44E3-BE91-A9D09A682C70}.Debug|Any CPU.ActiveCfg = Debug|Any CPU
		{FC9F009A-244E-44E3-BE91-A9D09A682C70}.Debug|Any CPU.Build.0 = Debug|Any CPU
		{FC9F009A-244E-44E3-BE91-A9D09A682C70}.Release|Any CPU.ActiveCfg = Release|Any CPU
		{FC9F009A-244E-44E3-BE91-A9D09A682C70}.Release|Any CPU.Build.0 = Release|Any CPU
	EndGlobalSection
	GlobalSection(SolutionProperties) = preSolution
		HideSolutionNode = FALSE
	EndGlobalSection
	GlobalSection(ExtensibilityGlobals) = postSolution
		SolutionGuid = {79BE62B9-D6B5-465A-9D66-728E446F9EEA}
	EndGlobalSection
EndGlobal
